
Microsoft Visual Studio Solution File, Format Version 12.00
# Visual Studio 14
VisualStudioVersion = 14.0.25420.1
MinimumVisualStudioVersion = 10.0.40219.1
Project("{FAE04EC0-301F-11D3-BF4B-00C04F79EFBC}") = "Bitretsmah.Core", "Bitretsmah.Core\Bitretsmah.Core.csproj", "{5162931A-BDE0-4C66-86EE-4C16E22C8B3E}"
EndProject
Project("{FAE04EC0-301F-11D3-BF4B-00C04F79EFBC}") = "Bitretsmah.Data.Mega", "Bitretsmah.Data.Files\Bitretsmah.Data.Mega.csproj", "{93673E96-B642-4EE4-A513-5ACEB0B288FC}"
EndProject
Project("{FAE04EC0-301F-11D3-BF4B-00C04F79EFBC}") = "Bitretsmah.Data.LiteDB", "Bitretsmah.Data.LiteDB\Bitretsmah.Data.LiteDB.csproj", "{BAB4F562-472C-4F29-93CA-3D5A9B914301}"
EndProject
Project("{FAE04EC0-301F-11D3-BF4B-00C04F79EFBC}") = "Bitretsmah.Data.System", "Bitretsmah.Data.System\Bitretsmah.Data.System.csproj", "{B854E89B-13CA-417C-A933-8732E67B13DC}"
EndProject
Project("{FAE04EC0-301F-11D3-BF4B-00C04F79EFBC}") = "Bitretsmah.UI.ConsoleApp", "Bitretsmah.UI.ConsoleApp\Bitretsmah.UI.ConsoleApp.csproj", "{A50E6E85-EAEB-4A1B-9BA0-464E563CBE3B}"
EndProject
Project("{FAE04EC0-301F-11D3-BF4B-00C04F79EFBC}") = "Bitretsmah.Tests.Integration", "Bitretsmah.Tests.Integration\Bitretsmah.Tests.Integration.csproj", "{3A58BDF4-0B87-4DFE-B1AD-E3F0A5287341}"
EndProject
Project("{FAE04EC0-301F-11D3-BF4B-00C04F79EFBC}") = "Bitretsmah.Tests.Unit", "Bitretsmah.Tests.Unit\Bitretsmah.Tests.Unit.csproj", "{765078A9-185B-46DE-92C7-4354E8319FFC}"
EndProject
Global
	GlobalSection(SolutionConfigurationPlatforms) = preSolution
		Debug|Any CPU = Debug|Any CPU
		Release|Any CPU = Release|Any CPU
	EndGlobalSection
	GlobalSection(ProjectConfigurationPlatforms) = postSolution
		{5162931A-BDE0-4C66-86EE-4C16E22C8B3E}.Debug|Any CPU.ActiveCfg = Debug|Any CPU
		{5162931A-BDE0-4C66-86EE-4C16E22C8B3E}.Debug|Any CPU.Build.0 = Debug|Any CPU
		{5162931A-BDE0-4C66-86EE-4C16E22C8B3E}.Release|Any CPU.ActiveCfg = Release|Any CPU
		{5162931A-BDE0-4C66-86EE-4C16E22C8B3E}.Release|Any CPU.Build.0 = Release|Any CPU
		{93673E96-B642-4EE4-A513-5ACEB0B288FC}.Debug|Any CPU.ActiveCfg = Debug|Any CPU
		{93673E96-B642-4EE4-A513-5ACEB0B288FC}.Debug|Any CPU.Build.0 = Debug|Any CPU
		{93673E96-B642-4EE4-A513-5ACEB0B288FC}.Release|Any CPU.ActiveCfg = Release|Any CPU
		{93673E96-B642-4EE4-A513-5ACEB0B288FC}.Release|Any CPU.Build.0 = Release|Any CPU
		{BAB4F562-472C-4F29-93CA-3D5A9B914301}.Debug|Any CPU.ActiveCfg = Debug|Any CPU
		{BAB4F562-472C-4F29-93CA-3D5A9B914301}.Debug|Any CPU.Build.0 = Debug|Any CPU
		{BAB4F562-472C-4F29-93CA-3D5A9B914301}.Release|Any CPU.ActiveCfg = Release|Any CPU
		{BAB4F562-472C-4F29-93CA-3D5A9B914301}.Release|Any CPU.Build.0 = Release|Any CPU
		{B854E89B-13CA-417C-A933-8732E67B13DC}.Debug|Any CPU.ActiveCfg = Debug|Any CPU
		{B854E89B-13CA-417C-A933-8732E67B13DC}.Debug|Any CPU.Build.0 = Debug|Any CPU
		{B854E89B-13CA-417C-A933-8732E67B13DC}.Release|Any CPU.ActiveCfg = Release|Any CPU
		{B854E89B-13CA-417C-A933-8732E67B13DC}.Release|Any CPU.Build.0 = Release|Any CPU
		{A50E6E85-EAEB-4A1B-9BA0-464E563CBE3B}.Debug|Any CPU.ActiveCfg = Debug|Any CPU
		{A50E6E85-EAEB-4A1B-9BA0-464E563CBE3B}.Debug|Any CPU.Build.0 = Debug|Any CPU
		{A50E6E85-EAEB-4A1B-9BA0-464E563CBE3B}.Release|Any CPU.ActiveCfg = Release|Any CPU
		{A50E6E85-EAEB-4A1B-9BA0-464E563CBE3B}.Release|Any CPU.Build.0 = Release|Any CPU
		{3A58BDF4-0B87-4DFE-B1AD-E3F0A5287341}.Debug|Any CPU.ActiveCfg = Debug|Any CPU
		{3A58BDF4-0B87-4DFE-B1AD-E3F0A5287341}.Debug|Any CPU.Build.0 = Debug|Any CPU
		{3A58BDF4-0B87-4DFE-B1AD-E3F0A5287341}.Release|Any CPU.ActiveCfg = Release|Any CPU
		{3A58BDF4-0B87-4DFE-B1AD-E3F0A5287341}.Release|Any CPU.Build.0 = Release|Any CPU
		{765078A9-185B-46DE-92C7-4354E8319FFC}.Debug|Any CPU.ActiveCfg = Debug|Any CPU
		{765078A9-185B-46DE-92C7-4354E8319FFC}.Debug|Any CPU.Build.0 = Debug|Any CPU
		{765078A9-185B-46DE-92C7-4354E8319FFC}.Release|Any CPU.ActiveCfg = Release|Any CPU
		{765078A9-185B-46DE-92C7-4354E8319FFC}.Release|Any CPU.Build.0 = Release|Any CPU
	EndGlobalSection
	GlobalSection(SolutionProperties) = preSolution
		HideSolutionNode = FALSE
	EndGlobalSection
EndGlobal
